// !$*UTF8*$!
{
	archiveVersion = 1;
	classes = {
	};
	objectVersion = 46;
	objects = {

/* Begin PBXBuildFile section */
		3E217B9618B3DDE100797004 /* Foundation.framework in Frameworks */ = {isa = PBXBuildFile; fileRef = 3E217B9518B3DDE100797004 /* Foundation.framework */; };
		3E217B9818B3DDE100797004 /* CoreGraphics.framework in Frameworks */ = {isa = PBXBuildFile; fileRef = 3E217B9718B3DDE100797004 /* CoreGraphics.framework */; };
		3E217B9A18B3DDE100797004 /* UIKit.framework in Frameworks */ = {isa = PBXBuildFile; fileRef = 3E217B9918B3DDE100797004 /* UIKit.framework */; };
		3E217BA018B3DDE100797004 /* InfoPlist.strings in Resources */ = {isa = PBXBuildFile; fileRef = 3E217B9E18B3DDE100797004 /* InfoPlist.strings */; };
		3E217BA218B3DDE100797004 /* main.m in Sources */ = {isa = PBXBuildFile; fileRef = 3E217BA118B3DDE100797004 /* main.m */; };
		3E217BA618B3DDE100797004 /* AppDelegate.m in Sources */ = {isa = PBXBuildFile; fileRef = 3E217BA518B3DDE100797004 /* AppDelegate.m */; };
		3E217BA918B3DDE100797004 /* Main.storyboard in Resources */ = {isa = PBXBuildFile; fileRef = 3E217BA718B3DDE100797004 /* Main.storyboard */; };
		3E217BAE18B3DDE100797004 /* Images.xcassets in Resources */ = {isa = PBXBuildFile; fileRef = 3E217BAD18B3DDE100797004 /* Images.xcassets */; };
		3E217BB518B3DDE200797004 /* XCTest.framework in Frameworks */ = {isa = PBXBuildFile; fileRef = 3E217BB418B3DDE200797004 /* XCTest.framework */; };
		3E217BB618B3DDE200797004 /* Foundation.framework in Frameworks */ = {isa = PBXBuildFile; fileRef = 3E217B9518B3DDE100797004 /* Foundation.framework */; };
		3E217BB718B3DDE200797004 /* UIKit.framework in Frameworks */ = {isa = PBXBuildFile; fileRef = 3E217B9918B3DDE100797004 /* UIKit.framework */; };
		3E217BBF18B3DDE200797004 /* InfoPlist.strings in Resources */ = {isa = PBXBuildFile; fileRef = 3E217BBD18B3DDE200797004 /* InfoPlist.strings */; };
		3E217BC118B3DDE200797004 /* homework1Tests.m in Sources */ = {isa = PBXBuildFile; fileRef = 3E217BC018B3DDE200797004 /* homework1Tests.m */; };
		3E217BCE18B3F9BE00797004 /* HomeViewController.m in Sources */ = {isa = PBXBuildFile; fileRef = 3E217BCD18B3F9BE00797004 /* HomeViewController.m */; };
		3E217BD118B3F9D400797004 /* MapViewController.m in Sources */ = {isa = PBXBuildFile; fileRef = 3E217BD018B3F9D400797004 /* MapViewController.m */; };
		3E6A400718B434D900DBDC39 /* CoreLocation.framework in Frameworks */ = {isa = PBXBuildFile; fileRef = 3E6A400618B434D900DBDC39 /* CoreLocation.framework */; };
		3E6A400918B434E200DBDC39 /* MapKit.framework in Frameworks */ = {isa = PBXBuildFile; fileRef = 3E6A400818B434E200DBDC39 /* MapKit.framework */; };
		3E6A400C18B4381500DBDC39 /* MapPoint.m in Sources */ = {isa = PBXBuildFile; fileRef = 3E6A400B18B4381500DBDC39 /* MapPoint.m */; };
		3E6E9E8418B5528500BA9F99 /* COMSMapManager.framework in Frameworks */ = {isa = PBXBuildFile; fileRef = 3E6E9E8318B5528500BA9F99 /* COMSMapManager.framework */; };
		3E6E9E8618B552C400BA9F99 /* background.png in Resources */ = {isa = PBXBuildFile; fileRef = 3E6E9E8518B552C400BA9F99 /* background.png */; };
/* End PBXBuildFile section */

/* Begin PBXContainerItemProxy section */
		3E217BB818B3DDE200797004 /* PBXContainerItemProxy */ = {
			isa = PBXContainerItemProxy;
			containerPortal = 3E217B8A18B3DDE100797004 /* Project object */;
			proxyType = 1;
			remoteGlobalIDString = 3E217B9118B3DDE100797004;
			remoteInfo = homework1;
		};
/* End PBXContainerItemProxy section */

/* Begin PBXFileReference section */
		3E217B9218B3DDE100797004 /* homework1.app */ = {isa = PBXFileReference; explicitFileType = wrapper.application; includeInIndex = 0; path = homework1.app; sourceTree = BUILT_PRODUCTS_DIR; };
		3E217B9518B3DDE100797004 /* Foundation.framework */ = {isa = PBXFileReference; lastKnownFileType = wrapper.framework; name = Foundation.framework; path = System/Library/Frameworks/Foundation.framework; sourceTree = SDKROOT; };
		3E217B9718B3DDE100797004 /* CoreGraphics.framework */ = {isa = PBXFileReference; lastKnownFileType = wrapper.framework; name = CoreGraphics.framework; path = System/Library/Frameworks/CoreGraphics.framework; sourceTree = SDKROOT; };
		3E217B9918B3DDE100797004 /* UIKit.framework */ = {isa = PBXFileReference; lastKnownFileType = wrapper.framework; name = UIKit.framework; path = System/Library/Frameworks/UIKit.framework; sourceTree = SDKROOT; };
		3E217B9D18B3DDE100797004 /* homework1-Info.plist */ = {isa = PBXFileReference; lastKnownFileType = text.plist.xml; path = "homework1-Info.plist"; sourceTree = "<group>"; };
		3E217B9F18B3DDE100797004 /* en */ = {isa = PBXFileReference; lastKnownFileType = text.plist.strings; name = en; path = en.lproj/InfoPlist.strings; sourceTree = "<group>"; };
		3E217BA118B3DDE100797004 /* main.m */ = {isa = PBXFileReference; lastKnownFileType = sourcecode.c.objc; path = main.m; sourceTree = "<group>"; };
		3E217BA318B3DDE100797004 /* homework1-Prefix.pch */ = {isa = PBXFileReference; lastKnownFileType = sourcecode.c.h; path = "homework1-Prefix.pch"; sourceTree = "<group>"; };
		3E217BA418B3DDE100797004 /* AppDelegate.h */ = {isa = PBXFileReference; lastKnownFileType = sourcecode.c.h; path = AppDelegate.h; sourceTree = "<group>"; };
		3E217BA518B3DDE100797004 /* AppDelegate.m */ = {isa = PBXFileReference; lastKnownFileType = sourcecode.c.objc; path = AppDelegate.m; sourceTree = "<group>"; };
		3E217BA818B3DDE100797004 /* Base */ = {isa = PBXFileReference; lastKnownFileType = file.storyboard; name = Base; path = Base.lproj/Main.storyboard; sourceTree = "<group>"; };
		3E217BAD18B3DDE100797004 /* Images.xcassets */ = {isa = PBXFileReference; lastKnownFileType = folder.assetcatalog; path = Images.xcassets; sourceTree = "<group>"; };
		3E217BB318B3DDE200797004 /* homework1Tests.xctest */ = {isa = PBXFileReference; explicitFileType = wrapper.cfbundle; includeInIndex = 0; path = homework1Tests.xctest; sourceTree = BUILT_PRODUCTS_DIR; };
		3E217BB418B3DDE200797004 /* XCTest.framework */ = {isa = PBXFileReference; lastKnownFileType = wrapper.framework; name = XCTest.framework; path = Library/Frameworks/XCTest.framework; sourceTree = DEVELOPER_DIR; };
		3E217BBC18B3DDE200797004 /* homework1Tests-Info.plist */ = {isa = PBXFileReference; lastKnownFileType = text.plist.xml; path = "homework1Tests-Info.plist"; sourceTree = "<group>"; };
		3E217BBE18B3DDE200797004 /* en */ = {isa = PBXFileReference; lastKnownFileType = text.plist.strings; name = en; path = en.lproj/InfoPlist.strings; sourceTree = "<group>"; };
		3E217BC018B3DDE200797004 /* homework1Tests.m */ = {isa = PBXFileReference; lastKnownFileType = sourcecode.c.objc; path = homework1Tests.m; sourceTree = "<group>"; };
		3E217BCA18B3E61700797004 /* MapPoint.m */ = {isa = PBXFileReference; fileEncoding = 4; lastKnownFileType = sourcecode.c.objc; name = MapPoint.m; path = "../../GooglePlacesMapKit-master/MapPoint.m"; sourceTree = "<group>"; };
		3E217BCC18B3F9BE00797004 /* HomeViewController.h */ = {isa = PBXFileReference; fileEncoding = 4; lastKnownFileType = sourcecode.c.h; path = HomeViewController.h; sourceTree = "<group>"; };
		3E217BCD18B3F9BE00797004 /* HomeViewController.m */ = {isa = PBXFileReference; fileEncoding = 4; lastKnownFileType = sourcecode.c.objc; path = HomeViewController.m; sourceTree = "<group>"; };
		3E217BCF18B3F9D400797004 /* MapViewController.h */ = {isa = PBXFileReference; fileEncoding = 4; lastKnownFileType = sourcecode.c.h; path = MapViewController.h; sourceTree = "<group>"; };
		3E217BD018B3F9D400797004 /* MapViewController.m */ = {isa = PBXFileReference; fileEncoding = 4; lastKnownFileType = sourcecode.c.objc; path = MapViewController.m; sourceTree = "<group>"; };
		3E6A400618B434D900DBDC39 /* CoreLocation.framework */ = {isa = PBXFileReference; lastKnownFileType = wrapper.framework; name = CoreLocation.framework; path = System/Library/Frameworks/CoreLocation.framework; sourceTree = SDKROOT; };
		3E6A400818B434E200DBDC39 /* MapKit.framework */ = {isa = PBXFileReference; lastKnownFileType = wrapper.framework; name = MapKit.framework; path = System/Library/Frameworks/MapKit.framework; sourceTree = SDKROOT; };
		3E6A400A18B4381500DBDC39 /* MapPoint.h */ = {isa = PBXFileReference; fileEncoding = 4; lastKnownFileType = sourcecode.c.h; path = MapPoint.h; sourceTree = "<group>"; };
		3E6A400B18B4381500DBDC39 /* MapPoint.m */ = {isa = PBXFileReference; fileEncoding = 4; lastKnownFileType = sourcecode.c.objc; path = MapPoint.m; sourceTree = "<group>"; };
		3E6E9E8318B5528500BA9F99 /* COMSMapManager.framework */ = {isa = PBXFileReference; lastKnownFileType = wrapper.framework; path = COMSMapManager.framework; sourceTree = "<group>"; };
		3E6E9E8518B552C400BA9F99 /* background.png */ = {isa = PBXFileReference; lastKnownFileType = image.png; path = background.png; sourceTree = "<group>"; };
/* End PBXFileReference section */

/* Begin PBXFrameworksBuildPhase section */
		3E217B8F18B3DDE100797004 /* Frameworks */ = {
			isa = PBXFrameworksBuildPhase;
			buildActionMask = 2147483647;
			files = (
				3E6E9E8418B5528500BA9F99 /* COMSMapManager.framework in Frameworks */,
				3E6A400918B434E200DBDC39 /* MapKit.framework in Frameworks */,
				3E6A400718B434D900DBDC39 /* CoreLocation.framework in Frameworks */,
				3E217B9818B3DDE100797004 /* CoreGraphics.framework in Frameworks */,
				3E217B9A18B3DDE100797004 /* UIKit.framework in Frameworks */,
				3E217B9618B3DDE100797004 /* Foundation.framework in Frameworks */,
			);
			runOnlyForDeploymentPostprocessing = 0;
		};
		3E217BB018B3DDE200797004 /* Frameworks */ = {
			isa = PBXFrameworksBuildPhase;
			buildActionMask = 2147483647;
			files = (
				3E217BB518B3DDE200797004 /* XCTest.framework in Frameworks */,
				3E217BB718B3DDE200797004 /* UIKit.framework in Frameworks */,
				3E217BB618B3DDE200797004 /* Foundation.framework in Frameworks */,
			);
			runOnlyForDeploymentPostprocessing = 0;
		};
/* End PBXFrameworksBuildPhase section */

/* Begin PBXGroup section */
		3E217B8918B3DDE100797004 = {
			isa = PBXGroup;
			children = (
				3E217B9B18B3DDE100797004 /* homework1 */,
				3E217BBA18B3DDE200797004 /* homework1Tests */,
				3E217B9418B3DDE100797004 /* Frameworks */,
				3E217B9318B3DDE100797004 /* Products */,
			);
			sourceTree = "<group>";
		};
		3E217B9318B3DDE100797004 /* Products */ = {
			isa = PBXGroup;
			children = (
				3E217B9218B3DDE100797004 /* homework1.app */,
				3E217BB318B3DDE200797004 /* homework1Tests.xctest */,
			);
			name = Products;
			sourceTree = "<group>";
		};
		3E217B9418B3DDE100797004 /* Frameworks */ = {
			isa = PBXGroup;
			children = (
				3E6E9E8318B5528500BA9F99 /* COMSMapManager.framework */,
				3E6A400818B434E200DBDC39 /* MapKit.framework */,
				3E6A400618B434D900DBDC39 /* CoreLocation.framework */,
				3E217B9518B3DDE100797004 /* Foundation.framework */,
				3E217B9718B3DDE100797004 /* CoreGraphics.framework */,
				3E217B9918B3DDE100797004 /* UIKit.framework */,
				3E217BB418B3DDE200797004 /* XCTest.framework */,
			);
			name = Frameworks;
			sourceTree = "<group>";
		};
		3E217B9B18B3DDE100797004 /* homework1 */ = {
			isa = PBXGroup;
			children = (
				3E6E9E8518B552C400BA9F99 /* background.png */,
				3E217BA418B3DDE100797004 /* AppDelegate.h */,
				3E217BA518B3DDE100797004 /* AppDelegate.m */,
				3E217BA718B3DDE100797004 /* Main.storyboard */,
				3E217BAD18B3DDE100797004 /* Images.xcassets */,
				3E217B9C18B3DDE100797004 /* Supporting Files */,
				3E217BCC18B3F9BE00797004 /* HomeViewController.h */,
				3E217BCD18B3F9BE00797004 /* HomeViewController.m */,
				3E217BCF18B3F9D400797004 /* MapViewController.h */,
				3E217BD018B3F9D400797004 /* MapViewController.m */,
				3E6A400A18B4381500DBDC39 /* MapPoint.h */,
				3E6A400B18B4381500DBDC39 /* MapPoint.m */,
			);
			path = homework1;
			sourceTree = "<group>";
		};
		3E217B9C18B3DDE100797004 /* Supporting Files */ = {
			isa = PBXGroup;
			children = (
				3E217BCA18B3E61700797004 /* MapPoint.m */,
				3E217B9D18B3DDE100797004 /* homework1-Info.plist */,
				3E217B9E18B3DDE100797004 /* InfoPlist.strings */,
				3E217BA118B3DDE100797004 /* main.m */,
				3E217BA318B3DDE100797004 /* homework1-Prefix.pch */,
			);
			name = "Supporting Files";
			sourceTree = "<group>";
		};
		3E217BBA18B3DDE200797004 /* homework1Tests */ = {
			isa = PBXGroup;
			children = (
				3E217BC018B3DDE200797004 /* homework1Tests.m */,
				3E217BBB18B3DDE200797004 /* Supporting Files */,
			);
			path = homework1Tests;
			sourceTree = "<group>";
		};
		3E217BBB18B3DDE200797004 /* Supporting Files */ = {
			isa = PBXGroup;
			children = (
				3E217BBC18B3DDE200797004 /* homework1Tests-Info.plist */,
				3E217BBD18B3DDE200797004 /* InfoPlist.strings */,
			);
			name = "Supporting Files";
			sourceTree = "<group>";
		};
/* End PBXGroup section */

/* Begin PBXNativeTarget section */
		3E217B9118B3DDE100797004 /* homework1 */ = {
			isa = PBXNativeTarget;
			buildConfigurationList = 3E217BC418B3DDE200797004 /* Build configuration list for PBXNativeTarget "homework1" */;
			buildPhases = (
				3E217B8E18B3DDE100797004 /* Sources */,
				3E217B8F18B3DDE100797004 /* Frameworks */,
				3E217B9018B3DDE100797004 /* Resources */,
			);
			buildRules = (
			);
			dependencies = (
			);
			name = homework1;
			productName = homework1;
			productReference = 3E217B9218B3DDE100797004 /* homework1.app */;
			productType = "com.apple.product-type.application";
		};
		3E217BB218B3DDE200797004 /* homework1Tests */ = {
			isa = PBXNativeTarget;
			buildConfigurationList = 3E217BC718B3DDE200797004 /* Build configuration list for PBXNativeTarget "homework1Tests" */;
			buildPhases = (
				3E217BAF18B3DDE200797004 /* Sources */,
				3E217BB018B3DDE200797004 /* Frameworks */,
				3E217BB118B3DDE200797004 /* Resources */,
			);
			buildRules = (
			);
			dependencies = (
				3E217BB918B3DDE200797004 /* PBXTargetDependency */,
			);
			name = homework1Tests;
			productName = homework1Tests;
			productReference = 3E217BB318B3DDE200797004 /* homework1Tests.xctest */;
			productType = "com.apple.product-type.bundle.unit-test";
		};
/* End PBXNativeTarget section */

/* Begin PBXProject section */
		3E217B8A18B3DDE100797004 /* Project object */ = {
			isa = PBXProject;
			attributes = {
				LastUpgradeCheck = 0500;
				ORGANIZATIONNAME = "Cao Wei";
				TargetAttributes = {
					3E217B9118B3DDE100797004 = {
						DevelopmentTeam = D5G7A73C8V;
					};
					3E217BB218B3DDE200797004 = {
						TestTargetID = 3E217B9118B3DDE100797004;
					};
				};
			};
			buildConfigurationList = 3E217B8D18B3DDE100797004 /* Build configuration list for PBXProject "homework1" */;
			compatibilityVersion = "Xcode 3.2";
			developmentRegion = English;
			hasScannedForEncodings = 0;
			knownRegions = (
				en,
				Base,
			);
			mainGroup = 3E217B8918B3DDE100797004;
			productRefGroup = 3E217B9318B3DDE100797004 /* Products */;
			projectDirPath = "";
			projectRoot = "";
			targets = (
				3E217B9118B3DDE100797004 /* homework1 */,
				3E217BB218B3DDE200797004 /* homework1Tests */,
			);
		};
/* End PBXProject section */

/* Begin PBXResourcesBuildPhase section */
		3E217B9018B3DDE100797004 /* Resources */ = {
			isa = PBXResourcesBuildPhase;
			buildActionMask = 2147483647;
			files = (
				3E217BAE18B3DDE100797004 /* Images.xcassets in Resources */,
				3E6E9E8618B552C400BA9F99 /* background.png in Resources */,
				3E217BA018B3DDE100797004 /* InfoPlist.strings in Resources */,
				3E217BA918B3DDE100797004 /* Main.storyboard in Resources */,
			);
			runOnlyForDeploymentPostprocessing = 0;
		};
		3E217BB118B3DDE200797004 /* Resources */ = {
			isa = PBXResourcesBuildPhase;
			buildActionMask = 2147483647;
			files = (
				3E217BBF18B3DDE200797004 /* InfoPlist.strings in Resources */,
			);
			runOnlyForDeploymentPostprocessing = 0;
		};
/* End PBXResourcesBuildPhase section */

/* Begin PBXSourcesBuildPhase section */
		3E217B8E18B3DDE100797004 /* Sources */ = {
			isa = PBXSourcesBuildPhase;
			buildActionMask = 2147483647;
			files = (
				3E217BA618B3DDE100797004 /* AppDelegate.m in Sources */,
				3E217BD118B3F9D400797004 /* MapViewController.m in Sources */,
				3E217BA218B3DDE100797004 /* main.m in Sources */,
				3E217BCE18B3F9BE00797004 /* HomeViewController.m in Sources */,
				3E6A400C18B4381500DBDC39 /* MapPoint.m in Sources */,
			);
			runOnlyForDeploymentPostprocessing = 0;
		};
		3E217BAF18B3DDE200797004 /* Sources */ = {
			isa = PBXSourcesBuildPhase;
			buildActionMask = 2147483647;
			files = (
				3E217BC118B3DDE200797004 /* homework1Tests.m in Sources */,
			);
			runOnlyForDeploymentPostprocessing = 0;
		};
/* End PBXSourcesBuildPhase section */

/* Begin PBXTargetDependency section */
		3E217BB918B3DDE200797004 /* PBXTargetDependency */ = {
			isa = PBXTargetDependency;
			target = 3E217B9118B3DDE100797004 /* homework1 */;
			targetProxy = 3E217BB818B3DDE200797004 /* PBXContainerItemProxy */;
		};
/* End PBXTargetDependency section */

/* Begin PBXVariantGroup section */
		3E217B9E18B3DDE100797004 /* InfoPlist.strings */ = {
			isa = PBXVariantGroup;
			children = (
				3E217B9F18B3DDE100797004 /* en */,
			);
			name = InfoPlist.strings;
			sourceTree = "<group>";
		};
		3E217BA718B3DDE100797004 /* Main.storyboard */ = {
			isa = PBXVariantGroup;
			children = (
				3E217BA818B3DDE100797004 /* Base */,
			);
			name = Main.storyboard;
			sourceTree = "<group>";
		};
		3E217BBD18B3DDE200797004 /* InfoPlist.strings */ = {
			isa = PBXVariantGroup;
			children = (
				3E217BBE18B3DDE200797004 /* en */,
			);
			name = InfoPlist.strings;
			sourceTree = "<group>";
		};
/* End PBXVariantGroup section */

/* Begin XCBuildConfiguration section */
		3E217BC218B3DDE200797004 /* Debug */ = {
			isa = XCBuildConfiguration;
			buildSettings = {
				ALWAYS_SEARCH_USER_PATHS = NO;
				ARCHS = "$(ARCHS_STANDARD_INCLUDING_64_BIT)";
				CLANG_CXX_LANGUAGE_STANDARD = "gnu++0x";
				CLANG_CXX_LIBRARY = "libc++";
				CLANG_ENABLE_MODULES = YES;
				CLANG_ENABLE_OBJC_ARC = YES;
				CLANG_WARN_BOOL_CONVERSION = YES;
				CLANG_WARN_CONSTANT_CONVERSION = YES;
				CLANG_WARN_DIRECT_OBJC_ISA_USAGE = YES_ERROR;
				CLANG_WARN_EMPTY_BODY = YES;
				CLANG_WARN_ENUM_CONVERSION = YES;
				CLANG_WARN_INT_CONVERSION = YES;
				CLANG_WARN_OBJC_ROOT_CLASS = YES_ERROR;
				CLANG_WARN__DUPLICATE_METHOD_MATCH = YES;
				"CODE_SIGN_IDENTITY[sdk=iphoneos*]" = "iPhone Developer";
				COPY_PHASE_STRIP = NO;
				GCC_C_LANGUAGE_STANDARD = gnu99;
				GCC_DYNAMIC_NO_PIC = NO;
				GCC_OPTIMIZATION_LEVEL = 0;
				GCC_PREPROCESSOR_DEFINITIONS = (
					"DEBUG=1",
					"$(inherited)",
				);
				GCC_SYMBOLS_PRIVATE_EXTERN = NO;
				GCC_WARN_64_TO_32_BIT_CONVERSION = YES;
				GCC_WARN_ABOUT_RETURN_TYPE = YES_ERROR;
				GCC_WARN_UNDECLARED_SELECTOR = YES;
				GCC_WARN_UNINITIALIZED_AUTOS = YES;
				GCC_WARN_UNUSED_FUNCTION = YES;
				GCC_WARN_UNUSED_VARIABLE = YES;
				IPHONEOS_DEPLOYMENT_TARGET = 7.0;
				ONLY_ACTIVE_ARCH = YES;
				SDKROOT = iphoneos;
			};
			name = Debug;
		};
		3E217BC318B3DDE200797004 /* Release */ = {
			isa = XCBuildConfiguration;
			buildSettings = {
				ALWAYS_SEARCH_USER_PATHS = NO;
				ARCHS = "$(ARCHS_STANDARD_INCLUDING_64_BIT)";
				CLANG_CXX_LANGUAGE_STANDARD = "gnu++0x";
				CLANG_CXX_LIBRARY = "libc++";
				CLANG_ENABLE_MODULES = YES;
				CLANG_ENABLE_OBJC_ARC = YES;
				CLANG_WARN_BOOL_CONVERSION = YES;
				CLANG_WARN_CONSTANT_CONVERSION = YES;
				CLANG_WARN_DIRECT_OBJC_ISA_USAGE = YES_ERROR;
				CLANG_WARN_EMPTY_BODY = YES;
				CLANG_WARN_ENUM_CONVERSION = YES;
				CLANG_WARN_INT_CONVERSION = YES;
				CLANG_WARN_OBJC_ROOT_CLASS = YES_ERROR;
				CLANG_WARN__DUPLICATE_METHOD_MATCH = YES;
				"CODE_SIGN_IDENTITY[sdk=iphoneos*]" = "iPhone Developer";
				COPY_PHASE_STRIP = YES;
				ENABLE_NS_ASSERTIONS = NO;
				GCC_C_LANGUAGE_STANDARD = gnu99;
				GCC_WARN_64_TO_32_BIT_CONVERSION = YES;
				GCC_WARN_ABOUT_RETURN_TYPE = YES_ERROR;
				GCC_WARN_UNDECLARED_SELECTOR = YES;
				GCC_WARN_UNINITIALIZED_AUTOS = YES;
				GCC_WARN_UNUSED_FUNCTION = YES;
				GCC_WARN_UNUSED_VARIABLE = YES;
				IPHONEOS_DEPLOYMENT_TARGET = 7.0;
				SDKROOT = iphoneos;
				VALIDATE_PRODUCT = YES;
			};
			name = Release;
		};
		3E217BC518B3DDE200797004 /* Debug */ = {
			isa = XCBuildConfiguration;
			buildSettings = {
				ASSETCATALOG_COMPILER_APPICON_NAME = AppIcon;
				ASSETCATALOG_COMPILER_LAUNCHIMAGE_NAME = LaunchImage;
				CODE_SIGN_IDENTITY = "";
				"CODE_SIGN_IDENTITY[sdk=iphoneos*]" = "";
				FRAMEWORK_SEARCH_PATHS = (
					"$(inherited)",
					"/Users/caowei91/Desktop/6998GoogleMapsFramework-master",
					"/Users/caowei91/Documents/ios\\ design/WC2467_6998_HW1/hw1_map",
				);
				GCC_PRECOMPILE_PREFIX_HEADER = YES;
				GCC_PREFIX_HEADER = "homework1/homework1-Prefix.pch";
				INFOPLIST_FILE = "homework1/homework1-Info.plist";
				PRODUCT_NAME = homework1;
				PROVISIONING_PROFILE = "01DFBC73-5A81-45C6-B393-407782C7F516";
				WRAPPER_EXTENSION = app;
			};
			name = Debug;
		};
		3E217BC618B3DDE200797004 /* Release */ = {
			isa = XCBuildConfiguration;
			buildSettings = {
				ASSETCATALOG_COMPILER_APPICON_NAME = AppIcon;
				ASSETCATALOG_COMPILER_LAUNCHIMAGE_NAME = LaunchImage;
				CODE_SIGN_IDENTITY = "";
				"CODE_SIGN_IDENTITY[sdk=iphoneos*]" = "";
				FRAMEWORK_SEARCH_PATHS = (
					"$(inherited)",
					"/Users/caowei91/Desktop/6998GoogleMapsFramework-master",
					"/Users/caowei91/Documents/ios\\ design/WC2467_6998_HW1/hw1_map",
				);
				GCC_PRECOMPILE_PREFIX_HEADER = YES;
				GCC_PREFIX_HEADER = "homework1/homework1-Prefix.pch";
				INFOPLIST_FILE = "homework1/homework1-Info.plist";
				PRODUCT_NAME = homework1;
				PROVISIONING_PROFILE = "01DFBC73-5A81-45C6-B393-407782C7F516";
				WRAPPER_EXTENSION = app;
			};
			name = Release;
		};
		3E217BC818B3DDE200797004 /* Debug */ = {
			isa = XCBuildConfiguration;
			buildSettings = {
				ARCHS = "$(ARCHS_STANDARD_INCLUDING_64_BIT)";
				BUNDLE_LOADER = "$(BUILT_PRODUCTS_DIR)/homework1.app/homework1";
				FRAMEWORK_SEARCH_PATHS = (
					"$(SDKROOT)/Developer/Library/Frameworks",
					"$(inherited)",
					"$(DEVELOPER_FRAMEWORKS_DIR)",
				);
				GCC_PRECOMPILE_PREFIX_HEADER = YES;
				GCC_PREFIX_HEADER = "homework1/homework1-Prefix.pch";
				GCC_PREPROCESSOR_DEFINITIONS = (
					"DEBUG=1",
					"$(inherited)",
				);
				INFOPLIST_FILE = "homework1Tests/homework1Tests-Info.plist";
				PRODUCT_NAME = homework1Tests;
				TEST_HOST = "$(BUNDLE_LOADER)";
				WRAPPER_EXTENSION = xctest;
			};
			name = Debug;
		};
		3E217BC918B3DDE200797004 /* Release */ = {
			isa = XCBuildConfiguration;
			buildSettings = {
				ARCHS = "$(ARCHS_STANDARD_INCLUDING_64_BIT)";
				BUNDLE_LOADER = "$(BUILT_PRODUCTS_DIR)/homework1.app/homework1";
				FRAMEWORK_SEARCH_PATHS = (
					"$(SDKROOT)/Developer/Library/Frameworks",
					"$(inherited)",
					"$(DEVELOPER_FRAMEWORKS_DIR)",
				);
				GCC_PRECOMPILE_PREFIX_HEADER = YES;
				GCC_PREFIX_HEADER = "homework1/homework1-Prefix.pch";
				INFOPLIST_FILE = "homework1Tests/homework1Tests-Info.plist";
				PRODUCT_NAME = homework1Tests;
				TEST_HOST = "$(BUNDLE_LOADER)";
				WRAPPER_EXTENSION = xctest;
			};
			name = Release;
		};
/* End XCBuildConfiguration section */

/* Begin XCConfigurationList section */
		3E217B8D18B3DDE100797004 /* Build configuration list for PBXProject "homework1" */ = {
			isa = XCConfigurationList;
			buildConfigurations = (
				3E217BC218B3DDE200797004 /* Debug */,
				3E217BC318B3DDE200797004 /* Release */,
			);
			defaultConfigurationIsVisible = 0;
			defaultConfigurationName = Release;
		};
		3E217BC418B3DDE200797004 /* Build configuration list for PBXNativeTarget "homework1" */ = {
			isa = XCConfigurationList;
			buildConfigurations = (
				3E217BC518B3DDE200797004 /* Debug */,
				3E217BC618B3DDE200797004 /* Release */,
			);
			defaultConfigurationIsVisible = 0;
			defaultConfigurationName = Release;
		};
		3E217BC718B3DDE200797004 /* Build configuration list for PBXNativeTarget "homework1Tests" */ = {
			isa = XCConfigurationList;
			buildConfigurations = (
				3E217BC818B3DDE200797004 /* Debug */,
				3E217BC918B3DDE200797004 /* Release */,
			);
			defaultConfigurationIsVisible = 0;
			defaultConfigurationName = Release;
		};
/* End XCConfigurationList section */
	};
	rootObject = 3E217B8A18B3DDE100797004 /* Project object */;
}
